
Microsoft Visual Studio Solution File, Format Version 12.00
# Visual Studio Version 16
VisualStudioVersion = 16.0.30804.86
MinimumVisualStudioVersion = 15.0.26124.0
Project("{9A19103F-16F7-4668-BE54-9A1E7A4F7556}") = "DrinkerAPI", "DrinkerAPI\DrinkerAPI.csproj", "{EC872D08-6DF3-4D91-B67F-E54244632E36}"
EndProject
Project("{2150E333-8FDC-42A3-9474-1A3956D46DE8}") = "Solution Items", "Solution Items", "{F46EF43A-A6E5-49E5-9F2F-99F6973937E2}"
	ProjectSection(SolutionItems) = preProject
		.editorconfig = .editorconfig
	EndProjectSection
EndProject
Project("{FAE04EC0-301F-11D3-BF4B-00C04F79EFBC}") = "DataDownloader", "DataDownloader\DataDownloader.csproj", "{5DA2A75A-0D6F-4FCB-A6B0-AA4299679B83}"
EndProject
Global
	GlobalSection(SolutionConfigurationPlatforms) = preSolution
		Debug|Any CPU = Debug|Any CPU
		Debug|x64 = Debug|x64
		Debug|x86 = Debug|x86
		Release|Any CPU = Release|Any CPU
		Release|x64 = Release|x64
		Release|x86 = Release|x86
	EndGlobalSection
	GlobalSection(ProjectConfigurationPlatforms) = postSolution
		{EC872D08-6DF3-4D91-B67F-E54244632E36}.Debug|Any CPU.ActiveCfg = Debug|Any CPU
		{EC872D08-6DF3-4D91-B67F-E54244632E36}.Debug|Any CPU.Build.0 = Debug|Any CPU
		{EC872D08-6DF3-4D91-B67F-E54244632E36}.Debug|x64.ActiveCfg = Debug|Any CPU
		{EC872D08-6DF3-4D91-B67F-E54244632E36}.Debug|x64.Build.0 = Debug|Any CPU
		{EC872D08-6DF3-4D91-B67F-E54244632E36}.Debug|x86.ActiveCfg = Debug|Any CPU
		{EC872D08-6DF3-4D91-B67F-E54244632E36}.Debug|x86.Build.0 = Debug|Any CPU
		{EC872D08-6DF3-4D91-B67F-E54244632E36}.Release|Any CPU.ActiveCfg = Release|Any CPU
		{EC872D08-6DF3-4D91-B67F-E54244632E36}.Release|Any CPU.Build.0 = Release|Any CPU
		{EC872D08-6DF3-4D91-B67F-E54244632E36}.Release|x64.ActiveCfg = Release|Any CPU
		{EC872D08-6DF3-4D91-B67F-E54244632E36}.Release|x64.Build.0 = Release|Any CPU
		{EC872D08-6DF3-4D91-B67F-E54244632E36}.Release|x86.ActiveCfg = Release|Any CPU
		{EC872D08-6DF3-4D91-B67F-E54244632E36}.Release|x86.Build.0 = Release|Any CPU
		{589E70F6-D587-480C-A104-038AC7384BDB}.Debug|Any CPU.ActiveCfg = Debug|Any CPU
		{589E70F6-D587-480C-A104-038AC7384BDB}.Debug|Any CPU.Build.0 = Debug|Any CPU
		{589E70F6-D587-480C-A104-038AC7384BDB}.Debug|x64.ActiveCfg = Debug|Any CPU
		{589E70F6-D587-480C-A104-038AC7384BDB}.Debug|x64.Build.0 = Debug|Any CPU
		{589E70F6-D587-480C-A104-038AC7384BDB}.Debug|x86.ActiveCfg = Debug|Any CPU
		{589E70F6-D587-480C-A104-038AC7384BDB}.Debug|x86.Build.0 = Debug|Any CPU
		{589E70F6-D587-480C-A104-038AC7384BDB}.Release|Any CPU.ActiveCfg = Release|Any CPU
		{589E70F6-D587-480C-A104-038AC7384BDB}.Release|Any CPU.Build.0 = Release|Any CPU
		{589E70F6-D587-480C-A104-038AC7384BDB}.Release|x64.ActiveCfg = Release|Any CPU
		{589E70F6-D587-480C-A104-038AC7384BDB}.Release|x64.Build.0 = Release|Any CPU
		{589E70F6-D587-480C-A104-038AC7384BDB}.Release|x86.ActiveCfg = Release|Any CPU
		{589E70F6-D587-480C-A104-038AC7384BDB}.Release|x86.Build.0 = Release|Any CPU
	EndGlobalSection
	GlobalSection(SolutionProperties) = preSolution
		HideSolutionNode = FALSE
	EndGlobalSection
	GlobalSection(ExtensibilityGlobals) = postSolution
		SolutionGuid = {7EE22E69-C35B-43FC-BDC3-09D9CD02EF2B}
	EndGlobalSection
EndGlobal
